// !$*UTF8*$!
{
	archiveVersion = 1;
	classes = {
	};
	objectVersion = 50;
	objects = {

/* Begin PBXBuildFile section */
		662DF04F20D00D9A00B86310 /* hana.png in Resources */ = {isa = PBXBuildFile; fileRef = 662DF04A20D00D9A00B86310 /* hana.png */; };
		662DF05020D00D9A00B86310 /* onpu.png in Resources */ = {isa = PBXBuildFile; fileRef = 662DF04B20D00D9A00B86310 /* onpu.png */; };
		662DF05120D00D9A00B86310 /* hoshi.png in Resources */ = {isa = PBXBuildFile; fileRef = 662DF04C20D00D9A00B86310 /* hoshi.png */; };
		662DF05220D00D9A00B86310 /* background.png in Resources */ = {isa = PBXBuildFile; fileRef = 662DF04D20D00D9A00B86310 /* background.png */; };
		662DF05320D00D9A00B86310 /* shitumon.png in Resources */ = {isa = PBXBuildFile; fileRef = 662DF04E20D00D9A00B86310 /* shitumon.png */; };
		663E397F20D0088F00D71E6F /* AppDelegate.swift in Sources */ = {isa = PBXBuildFile; fileRef = 663E397E20D0088F00D71E6F /* AppDelegate.swift */; };
		663E398120D0088F00D71E6F /* ViewController.swift in Sources */ = {isa = PBXBuildFile; fileRef = 663E398020D0088F00D71E6F /* ViewController.swift */; };
		663E398420D0088F00D71E6F /* Main.storyboard in Resources */ = {isa = PBXBuildFile; fileRef = 663E398220D0088F00D71E6F /* Main.storyboard */; };
		663E398720D0088F00D71E6F /* Stamp.xcdatamodeld in Sources */ = {isa = PBXBuildFile; fileRef = 663E398520D0088F00D71E6F /* Stamp.xcdatamodeld */; };
		663E398920D0089000D71E6F /* Assets.xcassets in Resources */ = {isa = PBXBuildFile; fileRef = 663E398820D0089000D71E6F /* Assets.xcassets */; };
		663E398C20D0089000D71E6F /* LaunchScreen.storyboard in Resources */ = {isa = PBXBuildFile; fileRef = 663E398A20D0089000D71E6F /* LaunchScreen.storyboard */; };
/* End PBXBuildFile section */

/* Begin PBXFileReference section */
		662DF04A20D00D9A00B86310 /* hana.png */ = {isa = PBXFileReference; lastKnownFileType = image.png; path = hana.png; sourceTree = "<group>"; };
		662DF04B20D00D9A00B86310 /* onpu.png */ = {isa = PBXFileReference; lastKnownFileType = image.png; path = onpu.png; sourceTree = "<group>"; };
		662DF04C20D00D9A00B86310 /* hoshi.png */ = {isa = PBXFileReference; lastKnownFileType = image.png; path = hoshi.png; sourceTree = "<group>"; };
		662DF04D20D00D9A00B86310 /* background.png */ = {isa = PBXFileReference; lastKnownFileType = image.png; path = background.png; sourceTree = "<group>"; };
		662DF04E20D00D9A00B86310 /* shitumon.png */ = {isa = PBXFileReference; lastKnownFileType = image.png; path = shitumon.png; sourceTree = "<group>"; };
		663E397B20D0088F00D71E6F /* Stamp.app */ = {isa = PBXFileReference; explicitFileType = wrapper.application; includeInIndex = 0; path = Stamp.app; sourceTree = BUILT_PRODUCTS_DIR; };
		663E397E20D0088F00D71E6F /* AppDelegate.swift */ = {isa = PBXFileReference; lastKnownFileType = sourcecode.swift; path = AppDelegate.swift; sourceTree = "<group>"; };
		663E398020D0088F00D71E6F /* ViewController.swift */ = {isa = PBXFileReference; lastKnownFileType = sourcecode.swift; path = ViewController.swift; sourceTree = "<group>"; };
		663E398320D0088F00D71E6F /* Base */ = {isa = PBXFileReference; lastKnownFileType = file.storyboard; name = Base; path = Base.lproj/Main.storyboard; sourceTree = "<group>"; };
		663E398620D0088F00D71E6F /* Stamp.xcdatamodel */ = {isa = PBXFileReference; lastKnownFileType = wrapper.xcdatamodel; path = Stamp.xcdatamodel; sourceTree = "<group>"; };
		663E398820D0089000D71E6F /* Assets.xcassets */ = {isa = PBXFileReference; lastKnownFileType = folder.assetcatalog; path = Assets.xcassets; sourceTree = "<group>"; };
		663E398B20D0089000D71E6F /* Base */ = {isa = PBXFileReference; lastKnownFileType = file.storyboard; name = Base; path = Base.lproj/LaunchScreen.storyboard; sourceTree = "<group>"; };
		663E398D20D0089000D71E6F /* Info.plist */ = {isa = PBXFileReference; lastKnownFileType = text.plist.xml; path = Info.plist; sourceTree = "<group>"; };
/* End PBXFileReference section */

/* Begin PBXFrameworksBuildPhase section */
		663E397820D0088F00D71E6F /* Frameworks */ = {
			isa = PBXFrameworksBuildPhase;
			buildActionMask = 2147483647;
			files = (
			);
			runOnlyForDeploymentPostprocessing = 0;
		};
/* End PBXFrameworksBuildPhase section */

/* Begin PBXGroup section */
		662DF04920D00D9A00B86310 /* Stamp素材 */ = {
			isa = PBXGroup;
			children = (
				662DF04A20D00D9A00B86310 /* hana.png */,
				662DF04B20D00D9A00B86310 /* onpu.png */,
				662DF04C20D00D9A00B86310 /* hoshi.png */,
				662DF04D20D00D9A00B86310 /* background.png */,
				662DF04E20D00D9A00B86310 /* shitumon.png */,
			);
			path = "Stamp素材";
			sourceTree = "<group>";
		};
		663E397220D0088F00D71E6F = {
			isa = PBXGroup;
			children = (
				662DF04920D00D9A00B86310 /* Stamp素材 */,
				663E397D20D0088F00D71E6F /* Stamp */,
				663E397C20D0088F00D71E6F /* Products */,
			);
			sourceTree = "<group>";
		};
		663E397C20D0088F00D71E6F /* Products */ = {
			isa = PBXGroup;
			children = (
				663E397B20D0088F00D71E6F /* Stamp.app */,
			);
			name = Products;
			sourceTree = "<group>";
		};
		663E397D20D0088F00D71E6F /* Stamp */ = {
			isa = PBXGroup;
			children = (
				663E397E20D0088F00D71E6F /* AppDelegate.swift */,
				663E398020D0088F00D71E6F /* ViewController.swift */,
				663E398220D0088F00D71E6F /* Main.storyboard */,
				663E398820D0089000D71E6F /* Assets.xcassets */,
				663E398A20D0089000D71E6F /* LaunchScreen.storyboard */,
				663E398D20D0089000D71E6F /* Info.plist */,
				663E398520D0088F00D71E6F /* Stamp.xcdatamodeld */,
			);
			path = Stamp;
			sourceTree = "<group>";
		};
/* End PBXGroup section */

/* Begin PBXNativeTarget section */
		663E397A20D0088F00D71E6F /* Stamp */ = {
			isa = PBXNativeTarget;
			buildConfigurationList = 663E399020D0089000D71E6F /* Build configuration list for PBXNativeTarget "Stamp" */;
			buildPhases = (
				663E397720D0088F00D71E6F /* Sources */,
				663E397820D0088F00D71E6F /* Frameworks */,
				663E397920D0088F00D71E6F /* Resources */,
			);
			buildRules = (
			);
			dependencies = (
			);
			name = Stamp;
			productName = Stamp;
			productReference = 663E397B20D0088F00D71E6F /* Stamp.app */;
			productType = "com.apple.product-type.application";
		};
/* End PBXNativeTarget section */

/* Begin PBXProject section */
		663E397320D0088F00D71E6F /* Project object */ = {
			isa = PBXProject;
			attributes = {
				LastSwiftUpdateCheck = 0940;
				LastUpgradeCheck = 0940;
				ORGANIZATIONNAME = TakumiObayashi;
				TargetAttributes = {
					663E397A20D0088F00D71E6F = {
						CreatedOnToolsVersion = 9.4;
					};
				};
			};
			buildConfigurationList = 663E397620D0088F00D71E6F /* Build configuration list for PBXProject "Stamp" */;
			compatibilityVersion = "Xcode 9.3";
			developmentRegion = en;
			hasScannedForEncodings = 0;
			knownRegions = (
				en,
				Base,
			);
			mainGroup = 663E397220D0088F00D71E6F;
			productRefGroup = 663E397C20D0088F00D71E6F /* Products */;
			projectDirPath = "";
			projectRoot = "";
			targets = (
				663E397A20D0088F00D71E6F /* Stamp */,
			);
		};
/* End PBXProject section */

/* Begin PBXResourcesBuildPhase section */
		663E397920D0088F00D71E6F /* Resources */ = {
			isa = PBXResourcesBuildPhase;
			buildActionMask = 2147483647;
			files = (
				663E398C20D0089000D71E6F /* LaunchScreen.storyboard in Resources */,
				662DF05120D00D9A00B86310 /* hoshi.png in Resources */,
				662DF05220D00D9A00B86310 /* background.png in Resources */,
				662DF05020D00D9A00B86310 /* onpu.png in Resources */,
				663E398920D0089000D71E6F /* Assets.xcassets in Resources */,
				663E398420D0088F00D71E6F /* Main.storyboard in Resources */,
				662DF05320D00D9A00B86310 /* shitumon.png in Resources */,
				662DF04F20D00D9A00B86310 /* hana.png in Resources */,
			);
			runOnlyForDeploymentPostprocessing = 0;
		};
/* End PBXResourcesBuildPhase section */

/* Begin PBXSourcesBuildPhase section */
		663E397720D0088F00D71E6F /* Sources */ = {
			isa = PBXSourcesBuildPhase;
			buildActionMask = 2147483647;
			files = (
				663E398120D0088F00D71E6F /* ViewController.swift in Sources */,
				663E398720D0088F00D71E6F /* Stamp.xcdatamodeld in Sources */,
				663E397F20D0088F00D71E6F /* AppDelegate.swift in Sources */,
			);
			runOnlyForDeploymentPostprocessing = 0;
		};
/* End PBXSourcesBuildPhase section */

/* Begin PBXVariantGroup section */
		663E398220D0088F00D71E6F /* Main.storyboard */ = {
			isa = PBXVariantGroup;
			children = (
				663E398320D0088F00D71E6F /* Base */,
			);
			name = Main.storyboard;
			sourceTree = "<group>";
		};
		663E398A20D0089000D71E6F /* LaunchScreen.storyboard */ = {
			isa = PBXVariantGroup;
			children = (
				663E398B20D0089000D71E6F /* Base */,
			);
			name = LaunchScreen.storyboard;
			sourceTree = "<group>";
		};
/* End PBXVariantGroup section */

/* Begin XCBuildConfiguration section */
		663E398E20D0089000D71E6F /* Debug */ = {
			isa = XCBuildConfiguration;
			buildSettings = {
				ALWAYS_SEARCH_USER_PATHS = NO;
				CLANG_ANALYZER_NONNULL = YES;
				CLANG_ANALYZER_NUMBER_OBJECT_CONVERSION = YES_AGGRESSIVE;
				CLANG_CXX_LANGUAGE_STANDARD = "gnu++14";
				CLANG_CXX_LIBRARY = "libc++";
				CLANG_ENABLE_MODULES = YES;
				CLANG_ENABLE_OBJC_ARC = YES;
				CLANG_ENABLE_OBJC_WEAK = YES;
				CLANG_WARN_BLOCK_CAPTURE_AUTORELEASING = YES;
				CLANG_WARN_BOOL_CONVERSION = YES;
				CLANG_WARN_COMMA = YES;
				CLANG_WARN_CONSTANT_CONVERSION = YES;
				CLANG_WARN_DEPRECATED_OBJC_IMPLEMENTATIONS = YES;
				CLANG_WARN_DIRECT_OBJC_ISA_USAGE = YES_ERROR;
				CLANG_WARN_DOCUMENTATION_COMMENTS = YES;
				CLANG_WARN_EMPTY_BODY = YES;
				CLANG_WARN_ENUM_CONVERSION = YES;
				CLANG_WARN_INFINITE_RECURSION = YES;
				CLANG_WARN_INT_CONVERSION = YES;
				CLANG_WARN_NON_LITERAL_NULL_CONVERSION = YES;
				CLANG_WARN_OBJC_IMPLICIT_RETAIN_SELF = YES;
				CLANG_WARN_OBJC_LITERAL_CONVERSION = YES;
				CLANG_WARN_OBJC_ROOT_CLASS = YES_ERROR;
				CLANG_WARN_RANGE_LOOP_ANALYSIS = YES;
				CLANG_WARN_STRICT_PROTOTYPES = YES;
				CLANG_WARN_SUSPICIOUS_MOVE = YES;
				CLANG_WARN_UNGUARDED_AVAILABILITY = YES_AGGRESSIVE;
				CLANG_WARN_UNREACHABLE_CODE = YES;
				CLANG_WARN__DUPLICATE_METHOD_MATCH = YES;
				CODE_SIGN_IDENTITY = "iPhone Developer";
				COPY_PHASE_STRIP = NO;
				DEBUG_INFORMATION_FORMAT = dwarf;
				ENABLE_STRICT_OBJC_MSGSEND = YES;
				ENABLE_TESTABILITY = YES;
				GCC_C_LANGUAGE_STANDARD = gnu11;
				GCC_DYNAMIC_NO_PIC = NO;
				GCC_NO_COMMON_BLOCKS = YES;
				GCC_OPTIMIZATION_LEVEL = 0;
				GCC_PREPROCESSOR_DEFINITIONS = (
					"DEBUG=1",
					"$(inherited)",
				);
				GCC_WARN_64_TO_32_BIT_CONVERSION = YES;
				GCC_WARN_ABOUT_RETURN_TYPE = YES_ERROR;
				GCC_WARN_UNDECLARED_SELECTOR = YES;
				GCC_WARN_UNINITIALIZED_AUTOS = YES_AGGRESSIVE;
				GCC_WARN_UNUSED_FUNCTION = YES;
				GCC_WARN_UNUSED_VARIABLE = YES;
				IPHONEOS_DEPLOYMENT_TARGET = 11.4;
				MTL_ENABLE_DEBUG_INFO = YES;
				ONLY_ACTIVE_ARCH = YES;
				SDKROOT = iphoneos;
				SWIFT_ACTIVE_COMPILATION_CONDITIONS = DEBUG;
				SWIFT_OPTIMIZATION_LEVEL = "-Onone";
			};
			name = Debug;
		};
		663E398F20D0089000D71E6F /* Release */ = {
			isa = XCBuildConfiguration;
			buildSettings = {
				ALWAYS_SEARCH_USER_PATHS = NO;
				CLANG_ANALYZER_NONNULL = YES;
				CLANG_ANALYZER_NUMBER_OBJECT_CONVERSION = YES_AGGRESSIVE;
				CLANG_CXX_LANGUAGE_STANDARD = "gnu++14";
				CLANG_CXX_LIBRARY = "libc++";
				CLANG_ENABLE_MODULES = YES;
				CLANG_ENABLE_OBJC_ARC = YES;
				CLANG_ENABLE_OBJC_WEAK = YES;
				CLANG_WARN_BLOCK_CAPTURE_AUTORELEASING = YES;
				CLANG_WARN_BOOL_CONVERSION = YES;
				CLANG_WARN_COMMA = YES;
				CLANG_WARN_CONSTANT_CONVERSION = YES;
				CLANG_WARN_DEPRECATED_OBJC_IMPLEMENTATIONS = YES;
				CLANG_WARN_DIRECT_OBJC_ISA_USAGE = YES_ERROR;
				CLANG_WARN_DOCUMENTATION_COMMENTS = YES;
				CLANG_WARN_EMPTY_BODY = YES;
				CLANG_WARN_ENUM_CONVERSION = YES;
				CLANG_WARN_INFINITE_RECURSION = YES;
				CLANG_WARN_INT_CONVERSION = YES;
				CLANG_WARN_NON_LITERAL_NULL_CONVERSION = YES;
				CLANG_WARN_OBJC_IMPLICIT_RETAIN_SELF = YES;
				CLANG_WARN_OBJC_LITERAL_CONVERSION = YES;
				CLANG_WARN_OBJC_ROOT_CLASS = YES_ERROR;
				CLANG_WARN_RANGE_LOOP_ANALYSIS = YES;
				CLANG_WARN_STRICT_PROTOTYPES = YES;
				CLANG_WARN_SUSPICIOUS_MOVE = YES;
				CLANG_WARN_UNGUARDED_AVAILABILITY = YES_AGGRESSIVE;
				CLANG_WARN_UNREACHABLE_CODE = YES;
				CLANG_WARN__DUPLICATE_METHOD_MATCH = YES;
				CODE_SIGN_IDENTITY = "iPhone Developer";
				COPY_PHASE_STRIP = NO;
				DEBUG_INFORMATION_FORMAT = "dwarf-with-dsym";
				ENABLE_NS_ASSERTIONS = NO;
				ENABLE_STRICT_OBJC_MSGSEND = YES;
				GCC_C_LANGUAGE_STANDARD = gnu11;
				GCC_NO_COMMON_BLOCKS = YES;
				GCC_WARN_64_TO_32_BIT_CONVERSION = YES;
				GCC_WARN_ABOUT_RETURN_TYPE = YES_ERROR;
				GCC_WARN_UNDECLARED_SELECTOR = YES;
				GCC_WARN_UNINITIALIZED_AUTOS = YES_AGGRESSIVE;
				GCC_WARN_UNUSED_FUNCTION = YES;
				GCC_WARN_UNUSED_VARIABLE = YES;
				IPHONEOS_DEPLOYMENT_TARGET = 11.4;
				MTL_ENABLE_DEBUG_INFO = NO;
				SDKROOT = iphoneos;
				SWIFT_COMPILATION_MODE = wholemodule;
				SWIFT_OPTIMIZATION_LEVEL = "-O";
				VALIDATE_PRODUCT = YES;
			};
			name = Release;
		};
		663E399120D0089000D71E6F /* Debug */ = {
			isa = XCBuildConfiguration;
			buildSettings = {
				ASSETCATALOG_COMPILER_APPICON_NAME = AppIcon;
				CODE_SIGN_STYLE = Automatic;
				DEVELOPMENT_TEAM = 6JB2SDQGN3;
				INFOPLIST_FILE = Stamp/Info.plist;
				IPHONEOS_DEPLOYMENT_TARGET = 11.3;
				LD_RUNPATH_SEARCH_PATHS = (
					"$(inherited)",
					"@executable_path/Frameworks",
				);
				PRODUCT_BUNDLE_IDENTIFIER = TakumiObayashi.Stamp;
				PRODUCT_NAME = "$(TARGET_NAME)";
				SWIFT_VERSION = 4.0;
				TARGETED_DEVICE_FAMILY = "1,2";
			};
			name = Debug;
		};
		663E399220D0089000D71E6F /* Release */ = {
			isa = XCBuildConfiguration;
			buildSettings = {
				ASSETCATALOG_COMPILER_APPICON_NAME = AppIcon;
				CODE_SIGN_STYLE = Automatic;
				DEVELOPMENT_TEAM = 6JB2SDQGN3;
				INFOPLIST_FILE = Stamp/Info.plist;
				IPHONEOS_DEPLOYMENT_TARGET = 11.3;
				LD_RUNPATH_SEARCH_PATHS = (
					"$(inherited)",
					"@executable_path/Frameworks",
				);
				PRODUCT_BUNDLE_IDENTIFIER = TakumiObayashi.Stamp;
				PRODUCT_NAME = "$(TARGET_NAME)";
				SWIFT_VERSION = 4.0;
				TARGETED_DEVICE_FAMILY = "1,2";
			};
			name = Release;
		};
/* End XCBuildConfiguration section */

/* Begin XCConfigurationList section */
		663E397620D0088F00D71E6F /* Build configuration list for PBXProject "Stamp" */ = {
			isa = XCConfigurationList;
			buildConfigurations = (
				663E398E20D0089000D71E6F /* Debug */,
				663E398F20D0089000D71E6F /* Release */,
			);
			defaultConfigurationIsVisible = 0;
			defaultConfigurationName = Release;
		};
		663E399020D0089000D71E6F /* Build configuration list for PBXNativeTarget "Stamp" */ = {
			isa = XCConfigurationList;
			buildConfigurations = (
				663E399120D0089000D71E6F /* Debug */,
				663E399220D0089000D71E6F /* Release */,
			);
			defaultConfigurationIsVisible = 0;
			defaultConfigurationName = Release;
		};
/* End XCConfigurationList section */

/* Begin XCVersionGroup section */
		663E398520D0088F00D71E6F /* Stamp.xcdatamodeld */ = {
			isa = XCVersionGroup;
			children = (
				663E398620D0088F00D71E6F /* Stamp.xcdatamodel */,
			);
			currentVersion = 663E398620D0088F00D71E6F /* Stamp.xcdatamodel */;
			path = Stamp.xcdatamodeld;
			sourceTree = "<group>";
			versionGroupType = wrapper.xcdatamodel;
		};
/* End XCVersionGroup section */
	};
	rootObject = 663E397320D0088F00D71E6F /* Project object */;
}
